// !$*UTF8*$!
{
	archiveVersion = 1;
	classes = {
	};
	objectVersion = 56;
	objects = {

/* Begin PBXBuildFile section */
		600366B82EF456AD00198750 /* FavoriteListRow.swift in Sources */ = {isa = PBXBuildFile; fileRef = 600366B62EF456AD00198750 /* FavoriteListRow.swift */; };
		600366B92EF456AD00198750 /* TypeRow.swift in Sources */ = {isa = PBXBuildFile; fileRef = 600366B72EF456AD00198750 /* TypeRow.swift */; };
		600366BB2EF457B600198750 /* SidebarView.swift in Sources */ = {isa = PBXBuildFile; fileRef = 600366BA2EF457B600198750 /* SidebarView.swift */; };
		601E50482EF1A63F00A1E21C /* iClipboardApp.swift in Sources */ = {isa = PBXBuildFile; fileRef = 601E50472EF1A63F00A1E21C /* iClipboardApp.swift */; };
		601E504A2EF1A63F00A1E21C /* ContentView.swift in Sources */ = {isa = PBXBuildFile; fileRef = 601E50492EF1A63F00A1E21C /* ContentView.swift */; };
		601E504C2EF1A64000A1E21C /* Assets.xcassets in Resources */ = {isa = PBXBuildFile; fileRef = 601E504B2EF1A64000A1E21C /* Assets.xcassets */; };
		601E504F2EF1A64000A1E21C /* Preview Assets.xcassets in Resources */ = {isa = PBXBuildFile; fileRef = 601E504E2EF1A64000A1E21C /* Preview Assets.xcassets */; };
		601E50512EF1A64000A1E21C /* Persistence.swift in Sources */ = {isa = PBXBuildFile; fileRef = 601E50502EF1A64000A1E21C /* Persistence.swift */; };
		601E50542EF1A64000A1E21C /* iClipboard.xcdatamodeld in Sources */ = {isa = PBXBuildFile; fileRef = 601E50522EF1A64000A1E21C /* iClipboard.xcdatamodeld */; };
		601E505E2EF1ABF200A1E21C /* ClipboardStore.swift in Sources */ = {isa = PBXBuildFile; fileRef = 601E505D2EF1ABF200A1E21C /* ClipboardStore.swift */; };
		6072BE052EF1BCF200AC21D1 /* SettingsView.swift in Sources */ = {isa = PBXBuildFile; fileRef = 6072BE042EF1BCF200AC21D1 /* SettingsView.swift */; };
		60EC315B2EF2E0B900531CF2 /* WindowDragHandler.swift in Sources */ = {isa = PBXBuildFile; fileRef = 60EC315A2EF2E0B900531CF2 /* WindowDragHandler.swift */; };
		60EC31632EF307D500531CF2 /* ClipboardPanel.swift in Sources */ = {isa = PBXBuildFile; fileRef = 60EC31602EF307D500531CF2 /* ClipboardPanel.swift */; };
		60EC31642EF307D500531CF2 /* WindowManager.swift in Sources */ = {isa = PBXBuildFile; fileRef = 60EC31612EF307D500531CF2 /* WindowManager.swift */; };
		60EC31652EF307D500531CF2 /* AppDelegate.swift in Sources */ = {isa = PBXBuildFile; fileRef = 60EC31622EF307D500531CF2 /* AppDelegate.swift */; };
/* End PBXBuildFile section */

/* Begin PBXFileReference section */
		600366B62EF456AD00198750 /* FavoriteListRow.swift */ = {isa = PBXFileReference; fileEncoding = 4; lastKnownFileType = sourcecode.swift; path = FavoriteListRow.swift; sourceTree = "<group>"; };
		600366B72EF456AD00198750 /* TypeRow.swift */ = {isa = PBXFileReference; fileEncoding = 4; lastKnownFileType = sourcecode.swift; path = TypeRow.swift; sourceTree = "<group>"; };
		600366BA2EF457B600198750 /* SidebarView.swift */ = {isa = PBXFileReference; fileEncoding = 4; lastKnownFileType = sourcecode.swift; path = SidebarView.swift; sourceTree = "<group>"; };
		601E50442EF1A63F00A1E21C /* iClipboard.app */ = {isa = PBXFileReference; explicitFileType = wrapper.application; includeInIndex = 0; path = iClipboard.app; sourceTree = BUILT_PRODUCTS_DIR; };
		601E50472EF1A63F00A1E21C /* iClipboardApp.swift */ = {isa = PBXFileReference; lastKnownFileType = sourcecode.swift; path = iClipboardApp.swift; sourceTree = "<group>"; };
		601E50492EF1A63F00A1E21C /* ContentView.swift */ = {isa = PBXFileReference; lastKnownFileType = sourcecode.swift; path = ContentView.swift; sourceTree = "<group>"; };
		601E504B2EF1A64000A1E21C /* Assets.xcassets */ = {isa = PBXFileReference; lastKnownFileType = folder.assetcatalog; path = Assets.xcassets; sourceTree = "<group>"; };
		601E504E2EF1A64000A1E21C /* Preview Assets.xcassets */ = {isa = PBXFileReference; lastKnownFileType = folder.assetcatalog; path = "Preview Assets.xcassets"; sourceTree = "<group>"; };
		601E50502EF1A64000A1E21C /* Persistence.swift */ = {isa = PBXFileReference; lastKnownFileType = sourcecode.swift; path = Persistence.swift; sourceTree = "<group>"; };
		601E50532EF1A64000A1E21C /* iClipboard.xcdatamodel */ = {isa = PBXFileReference; lastKnownFileType = wrapper.xcdatamodel; path = iClipboard.xcdatamodel; sourceTree = "<group>"; };
		601E50552EF1A64000A1E21C /* iClipboard.entitlements */ = {isa = PBXFileReference; lastKnownFileType = text.plist.entitlements; path = iClipboard.entitlements; sourceTree = "<group>"; };
		601E505D2EF1ABF200A1E21C /* ClipboardStore.swift */ = {isa = PBXFileReference; fileEncoding = 4; lastKnownFileType = sourcecode.swift; path = ClipboardStore.swift; sourceTree = "<group>"; };
		6072BE042EF1BCF200AC21D1 /* SettingsView.swift */ = {isa = PBXFileReference; lastKnownFileType = sourcecode.swift; path = SettingsView.swift; sourceTree = "<group>"; };
		60EC315A2EF2E0B900531CF2 /* WindowDragHandler.swift */ = {isa = PBXFileReference; fileEncoding = 4; lastKnownFileType = sourcecode.swift; path = WindowDragHandler.swift; sourceTree = "<group>"; };
		60EC31602EF307D500531CF2 /* ClipboardPanel.swift */ = {isa = PBXFileReference; fileEncoding = 4; lastKnownFileType = sourcecode.swift; path = ClipboardPanel.swift; sourceTree = "<group>"; };
		60EC31612EF307D500531CF2 /* WindowManager.swift */ = {isa = PBXFileReference; fileEncoding = 4; lastKnownFileType = sourcecode.swift; path = WindowManager.swift; sourceTree = "<group>"; };
		60EC31622EF307D500531CF2 /* AppDelegate.swift */ = {isa = PBXFileReference; fileEncoding = 4; lastKnownFileType = sourcecode.swift; path = AppDelegate.swift; sourceTree = "<group>"; };
/* End PBXFileReference section */

/* Begin PBXFrameworksBuildPhase section */
		601E50412EF1A63F00A1E21C /* Frameworks */ = {
			isa = PBXFrameworksBuildPhase;
			buildActionMask = 2147483647;
			files = (
			);
			runOnlyForDeploymentPostprocessing = 0;
		};
/* End PBXFrameworksBuildPhase section */

/* Begin PBXGroup section */
		601E503B2EF1A63F00A1E21C = {
			isa = PBXGroup;
			children = (
				601E50462EF1A63F00A1E21C /* iClipboard */,
				601E50452EF1A63F00A1E21C /* Products */,
			);
			sourceTree = "<group>";
		};
		601E50452EF1A63F00A1E21C /* Products */ = {
			isa = PBXGroup;
			children = (
				601E50442EF1A63F00A1E21C /* iClipboard.app */,
			);
			name = Products;
			sourceTree = "<group>";
		};
		601E50462EF1A63F00A1E21C /* iClipboard */ = {
			isa = PBXGroup;
			children = (
				600366BA2EF457B600198750 /* SidebarView.swift */,
				600366B62EF456AD00198750 /* FavoriteListRow.swift */,
				600366B72EF456AD00198750 /* TypeRow.swift */,
				60EC31622EF307D500531CF2 /* AppDelegate.swift */,
				60EC31602EF307D500531CF2 /* ClipboardPanel.swift */,
				60EC31612EF307D500531CF2 /* WindowManager.swift */,
				60EC315A2EF2E0B900531CF2 /* WindowDragHandler.swift */,
				6072BE042EF1BCF200AC21D1 /* SettingsView.swift */,
				601E505D2EF1ABF200A1E21C /* ClipboardStore.swift */,
				601E50472EF1A63F00A1E21C /* iClipboardApp.swift */,
				601E50492EF1A63F00A1E21C /* ContentView.swift */,
				601E504B2EF1A64000A1E21C /* Assets.xcassets */,
				601E50502EF1A64000A1E21C /* Persistence.swift */,
				601E50552EF1A64000A1E21C /* iClipboard.entitlements */,
				601E50522EF1A64000A1E21C /* iClipboard.xcdatamodeld */,
				601E504D2EF1A64000A1E21C /* Preview Content */,
			);
			path = iClipboard;
			sourceTree = "<group>";
		};
		601E504D2EF1A64000A1E21C /* Preview Content */ = {
			isa = PBXGroup;
			children = (
				601E504E2EF1A64000A1E21C /* Preview Assets.xcassets */,
			);
			path = "Preview Content";
			sourceTree = "<group>";
		};
/* End PBXGroup section */

/* Begin PBXNativeTarget section */
		601E50432EF1A63F00A1E21C /* iClipboard */ = {
			isa = PBXNativeTarget;
			buildConfigurationList = 601E50582EF1A64000A1E21C /* Build configuration list for PBXNativeTarget "iClipboard" */;
			buildPhases = (
				601E50402EF1A63F00A1E21C /* Sources */,
				601E50412EF1A63F00A1E21C /* Frameworks */,
				601E50422EF1A63F00A1E21C /* Resources */,
			);
			buildRules = (
			);
			dependencies = (
			);
			name = iClipboard;
			productName = iClipboard;
			productReference = 601E50442EF1A63F00A1E21C /* iClipboard.app */;
			productType = "com.apple.product-type.application";
		};
/* End PBXNativeTarget section */

/* Begin PBXProject section */
		601E503C2EF1A63F00A1E21C /* Project object */ = {
			isa = PBXProject;
			attributes = {
				BuildIndependentTargetsInParallel = 1;
				LastSwiftUpdateCheck = 1520;
				LastUpgradeCheck = 1520;
				TargetAttributes = {
					601E50432EF1A63F00A1E21C = {
						CreatedOnToolsVersion = 15.2;
					};
				};
			};
			buildConfigurationList = 601E503F2EF1A63F00A1E21C /* Build configuration list for PBXProject "iClipboard" */;
			compatibilityVersion = "Xcode 14.0";
			developmentRegion = en;
			hasScannedForEncodings = 0;
			knownRegions = (
				en,
				Base,
			);
			mainGroup = 601E503B2EF1A63F00A1E21C;
			productRefGroup = 601E50452EF1A63F00A1E21C /* Products */;
			projectDirPath = "";
			projectRoot = "";
			targets = (
				601E50432EF1A63F00A1E21C /* iClipboard */,
			);
		};
/* End PBXProject section */

/* Begin PBXResourcesBuildPhase section */
		601E50422EF1A63F00A1E21C /* Resources */ = {
			isa = PBXResourcesBuildPhase;
			buildActionMask = 2147483647;
			files = (
				601E504F2EF1A64000A1E21C /* Preview Assets.xcassets in Resources */,
				601E504C2EF1A64000A1E21C /* Assets.xcassets in Resources */,
			);
			runOnlyForDeploymentPostprocessing = 0;
		};
/* End PBXResourcesBuildPhase section */

/* Begin PBXSourcesBuildPhase section */
		601E50402EF1A63F00A1E21C /* Sources */ = {
			isa = PBXSourcesBuildPhase;
			buildActionMask = 2147483647;
			files = (
				601E50542EF1A64000A1E21C /* iClipboard.xcdatamodeld in Sources */,
				60EC315B2EF2E0B900531CF2 /* WindowDragHandler.swift in Sources */,
				601E50512EF1A64000A1E21C /* Persistence.swift in Sources */,
				601E504A2EF1A63F00A1E21C /* ContentView.swift in Sources */,
				601E50482EF1A63F00A1E21C /* iClipboardApp.swift in Sources */,
				60EC31642EF307D500531CF2 /* WindowManager.swift in Sources */,
				600366B92EF456AD00198750 /* TypeRow.swift in Sources */,
				601E505E2EF1ABF200A1E21C /* ClipboardStore.swift in Sources */,
				600366B82EF456AD00198750 /* FavoriteListRow.swift in Sources */,
				6072BE052EF1BCF200AC21D1 /* SettingsView.swift in Sources */,
				60EC31652EF307D500531CF2 /* AppDelegate.swift in Sources */,
				600366BB2EF457B600198750 /* SidebarView.swift in Sources */,
				60EC31632EF307D500531CF2 /* ClipboardPanel.swift in Sources */,
			);
			runOnlyForDeploymentPostprocessing = 0;
		};
/* End PBXSourcesBuildPhase section */

/* Begin XCBuildConfiguration section */
		601E50562EF1A64000A1E21C /* Debug */ = {
			isa = XCBuildConfiguration;
			buildSettings = {
				ALWAYS_SEARCH_USER_PATHS = NO;
				ASSETCATALOG_COMPILER_GENERATE_SWIFT_ASSET_SYMBOL_EXTENSIONS = YES;
				CLANG_ANALYZER_NONNULL = YES;
				CLANG_ANALYZER_NUMBER_OBJECT_CONVERSION = YES_AGGRESSIVE;
				CLANG_CXX_LANGUAGE_STANDARD = "gnu++20";
				CLANG_ENABLE_MODULES = YES;
				CLANG_ENABLE_OBJC_ARC = YES;
				CLANG_ENABLE_OBJC_WEAK = YES;
				CLANG_WARN_BLOCK_CAPTURE_AUTORELEASING = YES;
				CLANG_WARN_BOOL_CONVERSION = YES;
				CLANG_WARN_COMMA = YES;
				CLANG_WARN_CONSTANT_CONVERSION = YES;
				CLANG_WARN_DEPRECATED_OBJC_IMPLEMENTATIONS = YES;
				CLANG_WARN_DIRECT_OBJC_ISA_USAGE = YES_ERROR;
				CLANG_WARN_DOCUMENTATION_COMMENTS = YES;
				CLANG_WARN_EMPTY_BODY = YES;
				CLANG_WARN_ENUM_CONVERSION = YES;
				CLANG_WARN_INFINITE_RECURSION = YES;
				CLANG_WARN_INT_CONVERSION = YES;
				CLANG_WARN_NON_LITERAL_NULL_CONVERSION = YES;
				CLANG_WARN_OBJC_IMPLICIT_RETAIN_SELF = YES;
				CLANG_WARN_OBJC_LITERAL_CONVERSION = YES;
				CLANG_WARN_OBJC_ROOT_CLASS = YES_ERROR;
				CLANG_WARN_QUOTED_INCLUDE_IN_FRAMEWORK_HEADER = YES;
				CLANG_WARN_RANGE_LOOP_ANALYSIS = YES;
				CLANG_WARN_STRICT_PROTOTYPES = YES;
				CLANG_WARN_SUSPICIOUS_MOVE = YES;
				CLANG_WARN_UNGUARDED_AVAILABILITY = YES_AGGRESSIVE;
				CLANG_WARN_UNREACHABLE_CODE = YES;
				CLANG_WARN__DUPLICATE_METHOD_MATCH = YES;
				COPY_PHASE_STRIP = NO;
				DEBUG_INFORMATION_FORMAT = dwarf;
				ENABLE_STRICT_OBJC_MSGSEND = YES;
				ENABLE_TESTABILITY = YES;
				ENABLE_USER_SCRIPT_SANDBOXING = YES;
				GCC_C_LANGUAGE_STANDARD = gnu17;
				GCC_DYNAMIC_NO_PIC = NO;
				GCC_NO_COMMON_BLOCKS = YES;
				GCC_OPTIMIZATION_LEVEL = 0;
				GCC_PREPROCESSOR_DEFINITIONS = (
					"DEBUG=1",
					"$(inherited)",
				);
				GCC_WARN_64_TO_32_BIT_CONVERSION = YES;
				GCC_WARN_ABOUT_RETURN_TYPE = YES_ERROR;
				GCC_WARN_UNDECLARED_SELECTOR = YES;
				GCC_WARN_UNINITIALIZED_AUTOS = YES_AGGRESSIVE;
				GCC_WARN_UNUSED_FUNCTION = YES;
				GCC_WARN_UNUSED_VARIABLE = YES;
				LOCALIZATION_PREFERS_STRING_CATALOGS = YES;
				MACOSX_DEPLOYMENT_TARGET = 13.6;
				MTL_ENABLE_DEBUG_INFO = INCLUDE_SOURCE;
				MTL_FAST_MATH = YES;
				ONLY_ACTIVE_ARCH = YES;
				SDKROOT = macosx;
				SWIFT_ACTIVE_COMPILATION_CONDITIONS = "DEBUG $(inherited)";
				SWIFT_OPTIMIZATION_LEVEL = "-Onone";
			};
			name = Debug;
		};
		601E50572EF1A64000A1E21C /* Release */ = {
			isa = XCBuildConfiguration;
			buildSettings = {
				ALWAYS_SEARCH_USER_PATHS = NO;
				ASSETCATALOG_COMPILER_GENERATE_SWIFT_ASSET_SYMBOL_EXTENSIONS = YES;
				CLANG_ANALYZER_NONNULL = YES;
				CLANG_ANALYZER_NUMBER_OBJECT_CONVERSION = YES_AGGRESSIVE;
				CLANG_CXX_LANGUAGE_STANDARD = "gnu++20";
				CLANG_ENABLE_MODULES = YES;
				CLANG_ENABLE_OBJC_ARC = YES;
				CLANG_ENABLE_OBJC_WEAK = YES;
				CLANG_WARN_BLOCK_CAPTURE_AUTORELEASING = YES;
				CLANG_WARN_BOOL_CONVERSION = YES;
				CLANG_WARN_COMMA = YES;
				CLANG_WARN_CONSTANT_CONVERSION = YES;
				CLANG_WARN_DEPRECATED_OBJC_IMPLEMENTATIONS = YES;
				CLANG_WARN_DIRECT_OBJC_ISA_USAGE = YES_ERROR;
				CLANG_WARN_DOCUMENTATION_COMMENTS = YES;
				CLANG_WARN_EMPTY_BODY = YES;
				CLANG_WARN_ENUM_CONVERSION = YES;
				CLANG_WARN_INFINITE_RECURSION = YES;
				CLANG_WARN_INT_CONVERSION = YES;
				CLANG_WARN_NON_LITERAL_NULL_CONVERSION = YES;
				CLANG_WARN_OBJC_IMPLICIT_RETAIN_SELF = YES;
				CLANG_WARN_OBJC_LITERAL_CONVERSION = YES;
				CLANG_WARN_OBJC_ROOT_CLASS = YES_ERROR;
				CLANG_WARN_QUOTED_INCLUDE_IN_FRAMEWORK_HEADER = YES;
				CLANG_WARN_RANGE_LOOP_ANALYSIS = YES;
				CLANG_WARN_STRICT_PROTOTYPES = YES;
				CLANG_WARN_SUSPICIOUS_MOVE = YES;
				CLANG_WARN_UNGUARDED_AVAILABILITY = YES_AGGRESSIVE;
				CLANG_WARN_UNREACHABLE_CODE = YES;
				CLANG_WARN__DUPLICATE_METHOD_MATCH = YES;
				COPY_PHASE_STRIP = NO;
				DEBUG_INFORMATION_FORMAT = "dwarf-with-dsym";
				ENABLE_NS_ASSERTIONS = NO;
				ENABLE_STRICT_OBJC_MSGSEND = YES;
				ENABLE_USER_SCRIPT_SANDBOXING = YES;
				GCC_C_LANGUAGE_STANDARD = gnu17;
				GCC_NO_COMMON_BLOCKS = YES;
				GCC_WARN_64_TO_32_BIT_CONVERSION = YES;
				GCC_WARN_ABOUT_RETURN_TYPE = YES_ERROR;
				GCC_WARN_UNDECLARED_SELECTOR = YES;
				GCC_WARN_UNINITIALIZED_AUTOS = YES_AGGRESSIVE;
				GCC_WARN_UNUSED_FUNCTION = YES;
				GCC_WARN_UNUSED_VARIABLE = YES;
				LOCALIZATION_PREFERS_STRING_CATALOGS = YES;
				MACOSX_DEPLOYMENT_TARGET = 13.6;
				MTL_ENABLE_DEBUG_INFO = NO;
				MTL_FAST_MATH = YES;
				SDKROOT = macosx;
				SWIFT_COMPILATION_MODE = wholemodule;
			};
			name = Release;
		};
		601E50592EF1A64000A1E21C /* Debug */ = {
			isa = XCBuildConfiguration;
			buildSettings = {
				ASSETCATALOG_COMPILER_APPICON_NAME = AppIcon;
				ASSETCATALOG_COMPILER_GLOBAL_ACCENT_COLOR_NAME = AccentColor;
				CODE_SIGN_ENTITLEMENTS = iClipboard/iClipboard.entitlements;
				CODE_SIGN_STYLE = Automatic;
				COMBINE_HIDPI_IMAGES = YES;
				CURRENT_PROJECT_VERSION = 1;
				DEVELOPMENT_ASSET_PATHS = "\"iClipboard/Preview Content\"";
				DEVELOPMENT_TEAM = VJH38Q9Q3Z;
				ENABLE_HARDENED_RUNTIME = YES;
				ENABLE_PREVIEWS = YES;
				GENERATE_INFOPLIST_FILE = YES;
				INFOPLIST_KEY_NSHumanReadableCopyright = "";
				LD_RUNPATH_SEARCH_PATHS = (
					"$(inherited)",
					"@executable_path/../Frameworks",
				);
				MARKETING_VERSION = 1.0;
				PRODUCT_BUNDLE_IDENTIFIER = com.tenom.iClipboard;
				PRODUCT_NAME = "$(TARGET_NAME)";
				SWIFT_EMIT_LOC_STRINGS = YES;
				SWIFT_VERSION = 5.0;
			};
			name = Debug;
		};
		601E505A2EF1A64000A1E21C /* Release */ = {
			isa = XCBuildConfiguration;
			buildSettings = {
				ASSETCATALOG_COMPILER_APPICON_NAME = AppIcon;
				ASSETCATALOG_COMPILER_GLOBAL_ACCENT_COLOR_NAME = AccentColor;
				CODE_SIGN_ENTITLEMENTS = iClipboard/iClipboard.entitlements;
				CODE_SIGN_STYLE = Automatic;
				COMBINE_HIDPI_IMAGES = YES;
				CURRENT_PROJECT_VERSION = 1;
				DEVELOPMENT_ASSET_PATHS = "\"iClipboard/Preview Content\"";
				DEVELOPMENT_TEAM = VJH38Q9Q3Z;
				ENABLE_HARDENED_RUNTIME = YES;
				ENABLE_PREVIEWS = YES;
				GENERATE_INFOPLIST_FILE = YES;
				INFOPLIST_KEY_NSHumanReadableCopyright = "";
				LD_RUNPATH_SEARCH_PATHS = (
					"$(inherited)",
					"@executable_path/../Frameworks",
				);
				MARKETING_VERSION = 1.0;
				PRODUCT_BUNDLE_IDENTIFIER = com.tenom.iClipboard;
				PRODUCT_NAME = "$(TARGET_NAME)";
				SWIFT_EMIT_LOC_STRINGS = YES;
				SWIFT_VERSION = 5.0;
			};
			name = Release;
		};
/* End XCBuildConfiguration section */

/* Begin XCConfigurationList section */
		601E503F2EF1A63F00A1E21C /* Build configuration list for PBXProject "iClipboard" */ = {
			isa = XCConfigurationList;
			buildConfigurations = (
				601E50562EF1A64000A1E21C /* Debug */,
				601E50572EF1A64000A1E21C /* Release */,
			);
			defaultConfigurationIsVisible = 0;
			defaultConfigurationName = Release;
		};
		601E50582EF1A64000A1E21C /* Build configuration list for PBXNativeTarget "iClipboard" */ = {
			isa = XCConfigurationList;
			buildConfigurations = (
				601E50592EF1A64000A1E21C /* Debug */,
				601E505A2EF1A64000A1E21C /* Release */,
			);
			defaultConfigurationIsVisible = 0;
			defaultConfigurationName = Release;
		};
/* End XCConfigurationList section */

/* Begin XCVersionGroup section */
		601E50522EF1A64000A1E21C /* iClipboard.xcdatamodeld */ = {
			isa = XCVersionGroup;
			children = (
				601E50532EF1A64000A1E21C /* iClipboard.xcdatamodel */,
			);
			currentVersion = 601E50532EF1A64000A1E21C /* iClipboard.xcdatamodel */;
			path = iClipboard.xcdatamodeld;
			sourceTree = "<group>";
			versionGroupType = wrapper.xcdatamodel;
		};
/* End XCVersionGroup section */
	};
	rootObject = 601E503C2EF1A63F00A1E21C /* Project object */;
}
